
Microsoft Visual Studio Solution File, Format Version 12.00
# Visual Studio Version 16
VisualStudioVersion = 16.0.34601.136
MinimumVisualStudioVersion = 10.0.40219.1
Project("{FAE04EC0-301F-11D3-BF4B-00C04F79EFBC}") = "UnitTestProject1", "UnitTestProject1\UnitTestProject1.csproj", "{F98A5809-AF9D-45D7-B17E-E1C21E765FB7}"
EndProject
Project("{FAE04EC0-301F-11D3-BF4B-00C04F79EFBC}") = "MyGame.App", "MyGame.App\MyGame.App.csproj", "{AEA39CE9-4975-4932-8022-C8B0D136905E}"
EndProject
Project("{FAE04EC0-301F-11D3-BF4B-00C04F79EFBC}") = "Mygame.Core", "MyGame.Core\Mygame.Core.csproj", "{90F29BE6-5480-4EE1-B6E4-31838A5D1DBC}"
EndProject
Global
	GlobalSection(SolutionConfigurationPlatforms) = preSolution
		Debug|Any CPU = Debug|Any CPU
		Release|Any CPU = Release|Any CPU
	EndGlobalSection
	GlobalSection(ProjectConfigurationPlatforms) = postSolution
		{F98A5809-AF9D-45D7-B17E-E1C21E765FB7}.Debug|Any CPU.ActiveCfg = Debug|Any CPU
		{F98A5809-AF9D-45D7-B17E-E1C21E765FB7}.Debug|Any CPU.Build.0 = Debug|Any CPU
		{F98A5809-AF9D-45D7-B17E-E1C21E765FB7}.Release|Any CPU.ActiveCfg = Release|Any CPU
		{F98A5809-AF9D-45D7-B17E-E1C21E765FB7}.Release|Any CPU.Build.0 = Release|Any CPU
		{AEA39CE9-4975-4932-8022-C8B0D136905E}.Debug|Any CPU.ActiveCfg = Debug|Any CPU
		{AEA39CE9-4975-4932-8022-C8B0D136905E}.Debug|Any CPU.Build.0 = Debug|Any CPU
		{AEA39CE9-4975-4932-8022-C8B0D136905E}.Release|Any CPU.ActiveCfg = Release|Any CPU
		{AEA39CE9-4975-4932-8022-C8B0D136905E}.Release|Any CPU.Build.0 = Release|Any CPU
		{90F29BE6-5480-4EE1-B6E4-31838A5D1DBC}.Debug|Any CPU.ActiveCfg = Debug|Any CPU
		{90F29BE6-5480-4EE1-B6E4-31838A5D1DBC}.Debug|Any CPU.Build.0 = Debug|Any CPU
		{90F29BE6-5480-4EE1-B6E4-31838A5D1DBC}.Release|Any CPU.ActiveCfg = Release|Any CPU
		{90F29BE6-5480-4EE1-B6E4-31838A5D1DBC}.Release|Any CPU.Build.0 = Release|Any CPU
	EndGlobalSection
	GlobalSection(SolutionProperties) = preSolution
		HideSolutionNode = FALSE
	EndGlobalSection
	GlobalSection(ExtensibilityGlobals) = postSolution
		SolutionGuid = {F8EA1D27-AEE6-4C90-87C5-D213A9245EDC}
	EndGlobalSection
EndGlobal
